// !$*UTF8*$!
{
	archiveVersion = 1;
	classes = {
	};
	objectVersion = 51;
	objects = {

/* Begin PBXBuildFile section */
		048151D1269D357100EBFF50 /* AppDelegate.swift in Sources */ = {isa = PBXBuildFile; fileRef = 048151D0269D357100EBFF50 /* AppDelegate.swift */; };
		048151D3269D357100EBFF50 /* SceneDelegate.swift in Sources */ = {isa = PBXBuildFile; fileRef = 048151D2269D357100EBFF50 /* SceneDelegate.swift */; };
		048151D8269D357100EBFF50 /* Main.storyboard in Resources */ = {isa = PBXBuildFile; fileRef = 048151D6269D357100EBFF50 /* Main.storyboard */; };
		048151DD269D357400EBFF50 /* LaunchScreen.storyboard in Resources */ = {isa = PBXBuildFile; fileRef = 048151DB269D357400EBFF50 /* LaunchScreen.storyboard */; };
		048151ED269D36A100EBFF50 /* ConversationsController.swift in Sources */ = {isa = PBXBuildFile; fileRef = 048151EC269D36A100EBFF50 /* ConversationsController.swift */; };
		048151F0269D460600EBFF50 /* LoginController.swift in Sources */ = {isa = PBXBuildFile; fileRef = 048151EF269D460600EBFF50 /* LoginController.swift */; };
		048151F2269D461600EBFF50 /* SignUpController.swift in Sources */ = {isa = PBXBuildFile; fileRef = 048151F1269D461600EBFF50 /* SignUpController.swift */; };
		048151F4269D4BDE00EBFF50 /* Extensions.swift in Sources */ = {isa = PBXBuildFile; fileRef = 048151F3269D4BDE00EBFF50 /* Extensions.swift */; };
		04C896F226B408D000E42C5F /* MessageCell.swift in Sources */ = {isa = PBXBuildFile; fileRef = 04C896F126B408D000E42C5F /* MessageCell.swift */; };
		04C896F426B4539E00E42C5F /* Message.swift in Sources */ = {isa = PBXBuildFile; fileRef = 04C896F326B4539E00E42C5F /* Message.swift */; };
		04C896F626B46DAD00E42C5F /* MessageViewModel.swift in Sources */ = {isa = PBXBuildFile; fileRef = 04C896F526B46DAD00E42C5F /* MessageViewModel.swift */; };
		04D5EDDC26A74AD500BA92C9 /* InputContainerView.swift in Sources */ = {isa = PBXBuildFile; fileRef = 04D5EDDB26A74AD500BA92C9 /* InputContainerView.swift */; };
		04D5EDDE26A7548D00BA92C9 /* CustomTextField.swift in Sources */ = {isa = PBXBuildFile; fileRef = 04D5EDDD26A7548D00BA92C9 /* CustomTextField.swift */; };
		04D5EDE026A7C8D100BA92C9 /* CustomButton.swift in Sources */ = {isa = PBXBuildFile; fileRef = 04D5EDDF26A7C8D100BA92C9 /* CustomButton.swift */; };
		04D5EDE226A7D81000BA92C9 /* Assets.xcassets in Resources */ = {isa = PBXBuildFile; fileRef = 04D5EDE126A7D81000BA92C9 /* Assets.xcassets */; };
		04D5EE0626A7EC4900BA92C9 /* LoginViewModel.swift in Sources */ = {isa = PBXBuildFile; fileRef = 04D5EE0526A7EC4900BA92C9 /* LoginViewModel.swift */; };
		04D5EE0826A8014100BA92C9 /* SignUpViewModel.swift in Sources */ = {isa = PBXBuildFile; fileRef = 04D5EE0726A8014100BA92C9 /* SignUpViewModel.swift */; };
		04D5EE0D26A8848600BA92C9 /* GoogleService-Info.plist in Resources */ = {isa = PBXBuildFile; fileRef = 04D5EE0C26A8848500BA92C9 /* GoogleService-Info.plist */; };
		04D5EE0F26A8FF7000BA92C9 /* AuthService.swift in Sources */ = {isa = PBXBuildFile; fileRef = 04D5EE0E26A8FF6F00BA92C9 /* AuthService.swift */; };
		04D5EE1126AAC36800BA92C9 /* NewMessageController.swift in Sources */ = {isa = PBXBuildFile; fileRef = 04D5EE1026AAC36800BA92C9 /* NewMessageController.swift */; };
		04D5EE1326AAD5CB00BA92C9 /* UserCell.swift in Sources */ = {isa = PBXBuildFile; fileRef = 04D5EE1226AAD5CB00BA92C9 /* UserCell.swift */; };
		04D5EE1526AB05FA00BA92C9 /* User.swift in Sources */ = {isa = PBXBuildFile; fileRef = 04D5EE1426AB05FA00BA92C9 /* User.swift */; };
		04D5EE1926AB376C00BA92C9 /* NewMessageViewModel.swift in Sources */ = {isa = PBXBuildFile; fileRef = 04D5EE1826AB376C00BA92C9 /* NewMessageViewModel.swift */; };
		04D5EE1B26AC0E3C00BA92C9 /* ChatController.swift in Sources */ = {isa = PBXBuildFile; fileRef = 04D5EE1A26AC0E3C00BA92C9 /* ChatController.swift */; };
		04D5EE4B26AE7D6E00BA92C9 /* CustomInputAccessoryView.swift in Sources */ = {isa = PBXBuildFile; fileRef = 04D5EE4A26AE7D6D00BA92C9 /* CustomInputAccessoryView.swift */; };
		18D3E2CCB36EA50867B2BE64 /* Pods_ChatApp.framework in Frameworks */ = {isa = PBXBuildFile; fileRef = 2BF11937AA315E6496719519 /* Pods_ChatApp.framework */; };
/* End PBXBuildFile section */

/* Begin PBXFileReference section */
		048151CD269D357100EBFF50 /* ChatApp.app */ = {isa = PBXFileReference; explicitFileType = wrapper.application; includeInIndex = 0; path = ChatApp.app; sourceTree = BUILT_PRODUCTS_DIR; };
		048151D0269D357100EBFF50 /* AppDelegate.swift */ = {isa = PBXFileReference; lastKnownFileType = sourcecode.swift; path = AppDelegate.swift; sourceTree = "<group>"; };
		048151D2269D357100EBFF50 /* SceneDelegate.swift */ = {isa = PBXFileReference; lastKnownFileType = sourcecode.swift; path = SceneDelegate.swift; sourceTree = "<group>"; };
		048151D7269D357100EBFF50 /* Base */ = {isa = PBXFileReference; lastKnownFileType = file.storyboard; name = Base; path = Base.lproj/Main.storyboard; sourceTree = "<group>"; };
		048151DC269D357400EBFF50 /* Base */ = {isa = PBXFileReference; lastKnownFileType = file.storyboard; name = Base; path = Base.lproj/LaunchScreen.storyboard; sourceTree = "<group>"; };
		048151DE269D357400EBFF50 /* Info.plist */ = {isa = PBXFileReference; lastKnownFileType = text.plist.xml; path = Info.plist; sourceTree = "<group>"; };
		048151EC269D36A100EBFF50 /* ConversationsController.swift */ = {isa = PBXFileReference; lastKnownFileType = sourcecode.swift; path = ConversationsController.swift; sourceTree = "<group>"; };
		048151EF269D460600EBFF50 /* LoginController.swift */ = {isa = PBXFileReference; lastKnownFileType = sourcecode.swift; path = LoginController.swift; sourceTree = "<group>"; };
		048151F1269D461600EBFF50 /* SignUpController.swift */ = {isa = PBXFileReference; lastKnownFileType = sourcecode.swift; path = SignUpController.swift; sourceTree = "<group>"; };
		048151F3269D4BDE00EBFF50 /* Extensions.swift */ = {isa = PBXFileReference; lastKnownFileType = sourcecode.swift; path = Extensions.swift; sourceTree = "<group>"; };
		04C896F126B408D000E42C5F /* MessageCell.swift */ = {isa = PBXFileReference; lastKnownFileType = sourcecode.swift; path = MessageCell.swift; sourceTree = "<group>"; };
		04C896F326B4539E00E42C5F /* Message.swift */ = {isa = PBXFileReference; lastKnownFileType = sourcecode.swift; path = Message.swift; sourceTree = "<group>"; };
		04C896F526B46DAD00E42C5F /* MessageViewModel.swift */ = {isa = PBXFileReference; lastKnownFileType = sourcecode.swift; path = MessageViewModel.swift; sourceTree = "<group>"; };
		04D5EDDB26A74AD500BA92C9 /* InputContainerView.swift */ = {isa = PBXFileReference; lastKnownFileType = sourcecode.swift; path = InputContainerView.swift; sourceTree = "<group>"; };
		04D5EDDD26A7548D00BA92C9 /* CustomTextField.swift */ = {isa = PBXFileReference; lastKnownFileType = sourcecode.swift; path = CustomTextField.swift; sourceTree = "<group>"; };
		04D5EDDF26A7C8D100BA92C9 /* CustomButton.swift */ = {isa = PBXFileReference; lastKnownFileType = sourcecode.swift; path = CustomButton.swift; sourceTree = "<group>"; };
		04D5EDE126A7D81000BA92C9 /* Assets.xcassets */ = {isa = PBXFileReference; lastKnownFileType = folder.assetcatalog; name = Assets.xcassets; path = "../../../../../Downloads/ChatApp/iOS 13 & Swift 5- Chat App With Firestore - MVVM/1. Introduction/Assets.xcassets"; sourceTree = "<group>"; };
		04D5EE0526A7EC4900BA92C9 /* LoginViewModel.swift */ = {isa = PBXFileReference; lastKnownFileType = sourcecode.swift; path = LoginViewModel.swift; sourceTree = "<group>"; };
		04D5EE0726A8014100BA92C9 /* SignUpViewModel.swift */ = {isa = PBXFileReference; lastKnownFileType = sourcecode.swift; path = SignUpViewModel.swift; sourceTree = "<group>"; };
		04D5EE0C26A8848500BA92C9 /* GoogleService-Info.plist */ = {isa = PBXFileReference; fileEncoding = 4; lastKnownFileType = text.plist.xml; path = "GoogleService-Info.plist"; sourceTree = "<group>"; };
		04D5EE0E26A8FF6F00BA92C9 /* AuthService.swift */ = {isa = PBXFileReference; lastKnownFileType = sourcecode.swift; path = AuthService.swift; sourceTree = "<group>"; };
		04D5EE1026AAC36800BA92C9 /* NewMessageController.swift */ = {isa = PBXFileReference; lastKnownFileType = sourcecode.swift; path = NewMessageController.swift; sourceTree = "<group>"; };
		04D5EE1226AAD5CB00BA92C9 /* UserCell.swift */ = {isa = PBXFileReference; lastKnownFileType = sourcecode.swift; path = UserCell.swift; sourceTree = "<group>"; };
		04D5EE1426AB05FA00BA92C9 /* User.swift */ = {isa = PBXFileReference; lastKnownFileType = sourcecode.swift; path = User.swift; sourceTree = "<group>"; };
		04D5EE1826AB376C00BA92C9 /* NewMessageViewModel.swift */ = {isa = PBXFileReference; lastKnownFileType = sourcecode.swift; path = NewMessageViewModel.swift; sourceTree = "<group>"; };
		04D5EE1A26AC0E3C00BA92C9 /* ChatController.swift */ = {isa = PBXFileReference; lastKnownFileType = sourcecode.swift; path = ChatController.swift; sourceTree = "<group>"; };
		04D5EE4A26AE7D6D00BA92C9 /* CustomInputAccessoryView.swift */ = {isa = PBXFileReference; lastKnownFileType = sourcecode.swift; path = CustomInputAccessoryView.swift; sourceTree = "<group>"; };
		2BF11937AA315E6496719519 /* Pods_ChatApp.framework */ = {isa = PBXFileReference; explicitFileType = wrapper.framework; includeInIndex = 0; path = Pods_ChatApp.framework; sourceTree = BUILT_PRODUCTS_DIR; };
		46EEE9B496DB7C857FCA7376 /* Pods-ChatApp.release.xcconfig */ = {isa = PBXFileReference; includeInIndex = 1; lastKnownFileType = text.xcconfig; name = "Pods-ChatApp.release.xcconfig"; path = "Target Support Files/Pods-ChatApp/Pods-ChatApp.release.xcconfig"; sourceTree = "<group>"; };
		D8CDEC75AF59303F728E54DF /* Pods-ChatApp.debug.xcconfig */ = {isa = PBXFileReference; includeInIndex = 1; lastKnownFileType = text.xcconfig; name = "Pods-ChatApp.debug.xcconfig"; path = "Target Support Files/Pods-ChatApp/Pods-ChatApp.debug.xcconfig"; sourceTree = "<group>"; };
/* End PBXFileReference section */

/* Begin PBXFrameworksBuildPhase section */
		048151CA269D357100EBFF50 /* Frameworks */ = {
			isa = PBXFrameworksBuildPhase;
			buildActionMask = 2147483647;
			files = (
				18D3E2CCB36EA50867B2BE64 /* Pods_ChatApp.framework in Frameworks */,
			);
			runOnlyForDeploymentPostprocessing = 0;
		};
/* End PBXFrameworksBuildPhase section */

/* Begin PBXGroup section */
		048151C4269D357100EBFF50 = {
			isa = PBXGroup;
			children = (
				048151CF269D357100EBFF50 /* ChatApp */,
				048151CE269D357100EBFF50 /* Products */,
				1BCF55E8AF916FA51572E85D /* Pods */,
				F5AF0F850E003C70B373E484 /* Frameworks */,
			);
			sourceTree = "<group>";
		};
		048151CE269D357100EBFF50 /* Products */ = {
			isa = PBXGroup;
			children = (
				048151CD269D357100EBFF50 /* ChatApp.app */,
			);
			name = Products;
			sourceTree = "<group>";
		};
		048151CF269D357100EBFF50 /* ChatApp */ = {
			isa = PBXGroup;
			children = (
				048151EB269D367800EBFF50 /* Controllers */,
				048151E8269D361800EBFF50 /* View Model */,
				048151EA269D361C00EBFF50 /* Model */,
				048151E9269D361B00EBFF50 /* View */,
				048151E7269D361300EBFF50 /* API */,
				048151E4269D360A00EBFF50 /* Utils */,
				04D5EDE326A7D85000BA92C9 /* Delegates */,
				04D5EDE426A7D86B00BA92C9 /* Storyboards */,
				04D5EDE126A7D81000BA92C9 /* Assets.xcassets */,
				048151DE269D357400EBFF50 /* Info.plist */,
				04D5EE0C26A8848500BA92C9 /* GoogleService-Info.plist */,
			);
			path = ChatApp;
			sourceTree = "<group>";
		};
		048151E4269D360A00EBFF50 /* Utils */ = {
			isa = PBXGroup;
			children = (
				048151F3269D4BDE00EBFF50 /* Extensions.swift */,
			);
			path = Utils;
			sourceTree = "<group>";
		};
		048151E7269D361300EBFF50 /* API */ = {
			isa = PBXGroup;
			children = (
				04D5EE0E26A8FF6F00BA92C9 /* AuthService.swift */,
			);
			path = API;
			sourceTree = "<group>";
		};
		048151E8269D361800EBFF50 /* View Model */ = {
			isa = PBXGroup;
			children = (
				04D5EE1826AB376C00BA92C9 /* NewMessageViewModel.swift */,
				04D5EE0526A7EC4900BA92C9 /* LoginViewModel.swift */,
				04C896F526B46DAD00E42C5F /* MessageViewModel.swift */,
				04D5EE0726A8014100BA92C9 /* SignUpViewModel.swift */,
			);
			path = "View Model";
			sourceTree = "<group>";
		};
		048151E9269D361B00EBFF50 /* View */ = {
			isa = PBXGroup;
			children = (
				04D5EDDB26A74AD500BA92C9 /* InputContainerView.swift */,
				04D5EDDF26A7C8D100BA92C9 /* CustomButton.swift */,
				04D5EE4A26AE7D6D00BA92C9 /* CustomInputAccessoryView.swift */,
				04C896F126B408D000E42C5F /* MessageCell.swift */,
				04D5EE1226AAD5CB00BA92C9 /* UserCell.swift */,
				04D5EDDD26A7548D00BA92C9 /* CustomTextField.swift */,
			);
			path = View;
			sourceTree = "<group>";
		};
		048151EA269D361C00EBFF50 /* Model */ = {
			isa = PBXGroup;
			children = (
				04D5EE1426AB05FA00BA92C9 /* User.swift */,
				04C896F326B4539E00E42C5F /* Message.swift */,
			);
			path = Model;
			sourceTree = "<group>";
		};
		048151EB269D367800EBFF50 /* Controllers */ = {
			isa = PBXGroup;
			children = (
				048151EE269D45E600EBFF50 /* Authentication */,
				048151EC269D36A100EBFF50 /* ConversationsController.swift */,
				04D5EE1026AAC36800BA92C9 /* NewMessageController.swift */,
				04D5EE1A26AC0E3C00BA92C9 /* ChatController.swift */,
			);
			path = Controllers;
			sourceTree = "<group>";
		};
		048151EE269D45E600EBFF50 /* Authentication */ = {
			isa = PBXGroup;
			children = (
				048151EF269D460600EBFF50 /* LoginController.swift */,
				048151F1269D461600EBFF50 /* SignUpController.swift */,
			);
			path = Authentication;
			sourceTree = "<group>";
		};
		04D5EDE326A7D85000BA92C9 /* Delegates */ = {
			isa = PBXGroup;
			children = (
				048151D0269D357100EBFF50 /* AppDelegate.swift */,
				048151D2269D357100EBFF50 /* SceneDelegate.swift */,
			);
			path = Delegates;
			sourceTree = "<group>";
		};
		04D5EDE426A7D86B00BA92C9 /* Storyboards */ = {
			isa = PBXGroup;
			children = (
				048151D6269D357100EBFF50 /* Main.storyboard */,
				048151DB269D357400EBFF50 /* LaunchScreen.storyboard */,
			);
			path = Storyboards;
			sourceTree = "<group>";
		};
		1BCF55E8AF916FA51572E85D /* Pods */ = {
			isa = PBXGroup;
			children = (
				D8CDEC75AF59303F728E54DF /* Pods-ChatApp.debug.xcconfig */,
				46EEE9B496DB7C857FCA7376 /* Pods-ChatApp.release.xcconfig */,
			);
			path = Pods;
			sourceTree = "<group>";
		};
		F5AF0F850E003C70B373E484 /* Frameworks */ = {
			isa = PBXGroup;
			children = (
				2BF11937AA315E6496719519 /* Pods_ChatApp.framework */,
			);
			name = Frameworks;
			sourceTree = "<group>";
		};
/* End PBXGroup section */

/* Begin PBXNativeTarget section */
		048151CC269D357100EBFF50 /* ChatApp */ = {
			isa = PBXNativeTarget;
			buildConfigurationList = 048151E1269D357400EBFF50 /* Build configuration list for PBXNativeTarget "ChatApp" */;
			buildPhases = (
				470CA91641562657DCA37123 /* [CP] Check Pods Manifest.lock */,
				048151C9269D357100EBFF50 /* Sources */,
				048151CA269D357100EBFF50 /* Frameworks */,
				048151CB269D357100EBFF50 /* Resources */,
				3A0AA0EB94F4A4796A3B5FAE /* [CP] Embed Pods Frameworks */,
			);
			buildRules = (
			);
			dependencies = (
			);
			name = ChatApp;
			productName = ChatApp;
			productReference = 048151CD269D357100EBFF50 /* ChatApp.app */;
			productType = "com.apple.product-type.application";
		};
/* End PBXNativeTarget section */

/* Begin PBXProject section */
		048151C5269D357100EBFF50 /* Project object */ = {
			isa = PBXProject;
			attributes = {
				LastSwiftUpdateCheck = 1250;
				LastUpgradeCheck = 1250;
				TargetAttributes = {
					048151CC269D357100EBFF50 = {
						CreatedOnToolsVersion = 12.5;
					};
				};
			};
			buildConfigurationList = 048151C8269D357100EBFF50 /* Build configuration list for PBXProject "ChatApp" */;
			compatibilityVersion = "Xcode 9.3";
			developmentRegion = en;
			hasScannedForEncodings = 0;
			knownRegions = (
				en,
				Base,
			);
			mainGroup = 048151C4269D357100EBFF50;
			productRefGroup = 048151CE269D357100EBFF50 /* Products */;
			projectDirPath = "";
			projectRoot = "";
			targets = (
				048151CC269D357100EBFF50 /* ChatApp */,
			);
		};
/* End PBXProject section */

/* Begin PBXResourcesBuildPhase section */
		048151CB269D357100EBFF50 /* Resources */ = {
			isa = PBXResourcesBuildPhase;
			buildActionMask = 2147483647;
			files = (
				048151DD269D357400EBFF50 /* LaunchScreen.storyboard in Resources */,
				04D5EE0D26A8848600BA92C9 /* GoogleService-Info.plist in Resources */,
				04D5EDE226A7D81000BA92C9 /* Assets.xcassets in Resources */,
				048151D8269D357100EBFF50 /* Main.storyboard in Resources */,
			);
			runOnlyForDeploymentPostprocessing = 0;
		};
/* End PBXResourcesBuildPhase section */

/* Begin PBXShellScriptBuildPhase section */
		3A0AA0EB94F4A4796A3B5FAE /* [CP] Embed Pods Frameworks */ = {
			isa = PBXShellScriptBuildPhase;
			buildActionMask = 2147483647;
			files = (
			);
			inputFileListPaths = (
				"${PODS_ROOT}/Target Support Files/Pods-ChatApp/Pods-ChatApp-frameworks-${CONFIGURATION}-input-files.xcfilelist",
			);
			name = "[CP] Embed Pods Frameworks";
			outputFileListPaths = (
				"${PODS_ROOT}/Target Support Files/Pods-ChatApp/Pods-ChatApp-frameworks-${CONFIGURATION}-output-files.xcfilelist",
			);
			runOnlyForDeploymentPostprocessing = 0;
			shellPath = /bin/sh;
			shellScript = "\"${PODS_ROOT}/Target Support Files/Pods-ChatApp/Pods-ChatApp-frameworks.sh\"\n";
			showEnvVarsInLog = 0;
		};
		470CA91641562657DCA37123 /* [CP] Check Pods Manifest.lock */ = {
			isa = PBXShellScriptBuildPhase;
			buildActionMask = 2147483647;
			files = (
			);
			inputFileListPaths = (
			);
			inputPaths = (
				"${PODS_PODFILE_DIR_PATH}/Podfile.lock",
				"${PODS_ROOT}/Manifest.lock",
			);
			name = "[CP] Check Pods Manifest.lock";
			outputFileListPaths = (
			);
			outputPaths = (
				"$(DERIVED_FILE_DIR)/Pods-ChatApp-checkManifestLockResult.txt",
			);
			runOnlyForDeploymentPostprocessing = 0;
			shellPath = /bin/sh;
			shellScript = "diff \"${PODS_PODFILE_DIR_PATH}/Podfile.lock\" \"${PODS_ROOT}/Manifest.lock\" > /dev/null\nif [ $? != 0 ] ; then\n    # print error to STDERR\n    echo \"error: The sandbox is not in sync with the Podfile.lock. Run 'pod install' or update your CocoaPods installation.\" >&2\n    exit 1\nfi\n# This output is used by Xcode 'outputs' to avoid re-running this script phase.\necho \"SUCCESS\" > \"${SCRIPT_OUTPUT_FILE_0}\"\n";
			showEnvVarsInLog = 0;
		};
/* End PBXShellScriptBuildPhase section */

/* Begin PBXSourcesBuildPhase section */
		048151C9269D357100EBFF50 /* Sources */ = {
			isa = PBXSourcesBuildPhase;
			buildActionMask = 2147483647;
			files = (
				04D5EDDE26A7548D00BA92C9 /* CustomTextField.swift in Sources */,
				048151D1269D357100EBFF50 /* AppDelegate.swift in Sources */,
				048151ED269D36A100EBFF50 /* ConversationsController.swift in Sources */,
				04D5EE0F26A8FF7000BA92C9 /* AuthService.swift in Sources */,
				04C896F626B46DAD00E42C5F /* MessageViewModel.swift in Sources */,
				04D5EDDC26A74AD500BA92C9 /* InputContainerView.swift in Sources */,
				048151D3269D357100EBFF50 /* SceneDelegate.swift in Sources */,
				04D5EE1926AB376C00BA92C9 /* NewMessageViewModel.swift in Sources */,
				04D5EE1326AAD5CB00BA92C9 /* UserCell.swift in Sources */,
				04D5EDE026A7C8D100BA92C9 /* CustomButton.swift in Sources */,
				04D5EE1526AB05FA00BA92C9 /* User.swift in Sources */,
				04C896F226B408D000E42C5F /* MessageCell.swift in Sources */,
				048151F0269D460600EBFF50 /* LoginController.swift in Sources */,
				048151F2269D461600EBFF50 /* SignUpController.swift in Sources */,
				04D5EE0626A7EC4900BA92C9 /* LoginViewModel.swift in Sources */,
				04D5EE0826A8014100BA92C9 /* SignUpViewModel.swift in Sources */,
				04D5EE1B26AC0E3C00BA92C9 /* ChatController.swift in Sources */,
				048151F4269D4BDE00EBFF50 /* Extensions.swift in Sources */,
				04C896F426B4539E00E42C5F /* Message.swift in Sources */,
				04D5EE1126AAC36800BA92C9 /* NewMessageController.swift in Sources */,
				04D5EE4B26AE7D6E00BA92C9 /* CustomInputAccessoryView.swift in Sources */,
			);
			runOnlyForDeploymentPostprocessing = 0;
		};
/* End PBXSourcesBuildPhase section */

/* Begin PBXVariantGroup section */
		048151D6269D357100EBFF50 /* Main.storyboard */ = {
			isa = PBXVariantGroup;
			children = (
				048151D7269D357100EBFF50 /* Base */,
			);
			name = Main.storyboard;
			sourceTree = "<group>";
		};
		048151DB269D357400EBFF50 /* LaunchScreen.storyboard */ = {
			isa = PBXVariantGroup;
			children = (
				048151DC269D357400EBFF50 /* Base */,
			);
			name = LaunchScreen.storyboard;
			sourceTree = "<group>";
		};
/* End PBXVariantGroup section */

/* Begin XCBuildConfiguration section */
		048151DF269D357400EBFF50 /* Debug */ = {
			isa = XCBuildConfiguration;
			buildSettings = {
				ALWAYS_SEARCH_USER_PATHS = NO;
				CLANG_ANALYZER_NONNULL = YES;
				CLANG_ANALYZER_NUMBER_OBJECT_CONVERSION = YES_AGGRESSIVE;
				CLANG_CXX_LANGUAGE_STANDARD = "gnu++14";
				CLANG_CXX_LIBRARY = "libc++";
				CLANG_ENABLE_MODULES = YES;
				CLANG_ENABLE_OBJC_ARC = YES;
				CLANG_ENABLE_OBJC_WEAK = YES;
				CLANG_WARN_BLOCK_CAPTURE_AUTORELEASING = YES;
				CLANG_WARN_BOOL_CONVERSION = YES;
				CLANG_WARN_COMMA = YES;
				CLANG_WARN_CONSTANT_CONVERSION = YES;
				CLANG_WARN_DEPRECATED_OBJC_IMPLEMENTATIONS = YES;
				CLANG_WARN_DIRECT_OBJC_ISA_USAGE = YES_ERROR;
				CLANG_WARN_DOCUMENTATION_COMMENTS = YES;
				CLANG_WARN_EMPTY_BODY = YES;
				CLANG_WARN_ENUM_CONVERSION = YES;
				CLANG_WARN_INFINITE_RECURSION = YES;
				CLANG_WARN_INT_CONVERSION = YES;
				CLANG_WARN_NON_LITERAL_NULL_CONVERSION = YES;
				CLANG_WARN_OBJC_IMPLICIT_RETAIN_SELF = YES;
				CLANG_WARN_OBJC_LITERAL_CONVERSION = YES;
				CLANG_WARN_OBJC_ROOT_CLASS = YES_ERROR;
				CLANG_WARN_QUOTED_INCLUDE_IN_FRAMEWORK_HEADER = YES;
				CLANG_WARN_RANGE_LOOP_ANALYSIS = YES;
				CLANG_WARN_STRICT_PROTOTYPES = YES;
				CLANG_WARN_SUSPICIOUS_MOVE = YES;
				CLANG_WARN_UNGUARDED_AVAILABILITY = YES_AGGRESSIVE;
				CLANG_WARN_UNREACHABLE_CODE = YES;
				CLANG_WARN__DUPLICATE_METHOD_MATCH = YES;
				COPY_PHASE_STRIP = NO;
				DEBUG_INFORMATION_FORMAT = dwarf;
				ENABLE_STRICT_OBJC_MSGSEND = YES;
				ENABLE_TESTABILITY = YES;
				GCC_C_LANGUAGE_STANDARD = gnu11;
				GCC_DYNAMIC_NO_PIC = NO;
				GCC_NO_COMMON_BLOCKS = YES;
				GCC_OPTIMIZATION_LEVEL = 0;
				GCC_PREPROCESSOR_DEFINITIONS = (
					"DEBUG=1",
					"$(inherited)",
				);
				GCC_WARN_64_TO_32_BIT_CONVERSION = YES;
				GCC_WARN_ABOUT_RETURN_TYPE = YES_ERROR;
				GCC_WARN_UNDECLARED_SELECTOR = YES;
				GCC_WARN_UNINITIALIZED_AUTOS = YES_AGGRESSIVE;
				GCC_WARN_UNUSED_FUNCTION = YES;
				GCC_WARN_UNUSED_VARIABLE = YES;
				IPHONEOS_DEPLOYMENT_TARGET = 14.5;
				MTL_ENABLE_DEBUG_INFO = INCLUDE_SOURCE;
				MTL_FAST_MATH = YES;
				ONLY_ACTIVE_ARCH = YES;
				SDKROOT = iphoneos;
				SWIFT_ACTIVE_COMPILATION_CONDITIONS = DEBUG;
				SWIFT_OPTIMIZATION_LEVEL = "-Onone";
			};
			name = Debug;
		};
		048151E0269D357400EBFF50 /* Release */ = {
			isa = XCBuildConfiguration;
			buildSettings = {
				ALWAYS_SEARCH_USER_PATHS = NO;
				CLANG_ANALYZER_NONNULL = YES;
				CLANG_ANALYZER_NUMBER_OBJECT_CONVERSION = YES_AGGRESSIVE;
				CLANG_CXX_LANGUAGE_STANDARD = "gnu++14";
				CLANG_CXX_LIBRARY = "libc++";
				CLANG_ENABLE_MODULES = YES;
				CLANG_ENABLE_OBJC_ARC = YES;
				CLANG_ENABLE_OBJC_WEAK = YES;
				CLANG_WARN_BLOCK_CAPTURE_AUTORELEASING = YES;
				CLANG_WARN_BOOL_CONVERSION = YES;
				CLANG_WARN_COMMA = YES;
				CLANG_WARN_CONSTANT_CONVERSION = YES;
				CLANG_WARN_DEPRECATED_OBJC_IMPLEMENTATIONS = YES;
				CLANG_WARN_DIRECT_OBJC_ISA_USAGE = YES_ERROR;
				CLANG_WARN_DOCUMENTATION_COMMENTS = YES;
				CLANG_WARN_EMPTY_BODY = YES;
				CLANG_WARN_ENUM_CONVERSION = YES;
				CLANG_WARN_INFINITE_RECURSION = YES;
				CLANG_WARN_INT_CONVERSION = YES;
				CLANG_WARN_NON_LITERAL_NULL_CONVERSION = YES;
				CLANG_WARN_OBJC_IMPLICIT_RETAIN_SELF = YES;
				CLANG_WARN_OBJC_LITERAL_CONVERSION = YES;
				CLANG_WARN_OBJC_ROOT_CLASS = YES_ERROR;
				CLANG_WARN_QUOTED_INCLUDE_IN_FRAMEWORK_HEADER = YES;
				CLANG_WARN_RANGE_LOOP_ANALYSIS = YES;
				CLANG_WARN_STRICT_PROTOTYPES = YES;
				CLANG_WARN_SUSPICIOUS_MOVE = YES;
				CLANG_WARN_UNGUARDED_AVAILABILITY = YES_AGGRESSIVE;
				CLANG_WARN_UNREACHABLE_CODE = YES;
				CLANG_WARN__DUPLICATE_METHOD_MATCH = YES;
				COPY_PHASE_STRIP = NO;
				DEBUG_INFORMATION_FORMAT = "dwarf-with-dsym";
				ENABLE_NS_ASSERTIONS = NO;
				ENABLE_STRICT_OBJC_MSGSEND = YES;
				GCC_C_LANGUAGE_STANDARD = gnu11;
				GCC_NO_COMMON_BLOCKS = YES;
				GCC_WARN_64_TO_32_BIT_CONVERSION = YES;
				GCC_WARN_ABOUT_RETURN_TYPE = YES_ERROR;
				GCC_WARN_UNDECLARED_SELECTOR = YES;
				GCC_WARN_UNINITIALIZED_AUTOS = YES_AGGRESSIVE;
				GCC_WARN_UNUSED_FUNCTION = YES;
				GCC_WARN_UNUSED_VARIABLE = YES;
				IPHONEOS_DEPLOYMENT_TARGET = 14.5;
				MTL_ENABLE_DEBUG_INFO = NO;
				MTL_FAST_MATH = YES;
				SDKROOT = iphoneos;
				SWIFT_COMPILATION_MODE = wholemodule;
				SWIFT_OPTIMIZATION_LEVEL = "-O";
				VALIDATE_PRODUCT = YES;
			};
			name = Release;
		};
		048151E2269D357400EBFF50 /* Debug */ = {
			isa = XCBuildConfiguration;
			baseConfigurationReference = D8CDEC75AF59303F728E54DF /* Pods-ChatApp.debug.xcconfig */;
			buildSettings = {
				ASSETCATALOG_COMPILER_APPICON_NAME = AppIcon;
				ASSETCATALOG_COMPILER_GLOBAL_ACCENT_COLOR_NAME = AccentColor;
				CODE_SIGN_STYLE = Automatic;
				DEVELOPMENT_TEAM = 3V9R8JFN46;
				INFOPLIST_FILE = ChatApp/Info.plist;
				LD_RUNPATH_SEARCH_PATHS = (
					"$(inherited)",
					"@executable_path/Frameworks",
				);
				PRODUCT_BUNDLE_IDENTIFIER = laidstall.ChatApp;
				PRODUCT_NAME = "$(TARGET_NAME)";
				SWIFT_VERSION = 5.0;
				TARGETED_DEVICE_FAMILY = "1,2";
			};
			name = Debug;
		};
		048151E3269D357400EBFF50 /* Release */ = {
			isa = XCBuildConfiguration;
			baseConfigurationReference = 46EEE9B496DB7C857FCA7376 /* Pods-ChatApp.release.xcconfig */;
			buildSettings = {
				ASSETCATALOG_COMPILER_APPICON_NAME = AppIcon;
				ASSETCATALOG_COMPILER_GLOBAL_ACCENT_COLOR_NAME = AccentColor;
				CODE_SIGN_STYLE = Automatic;
				DEVELOPMENT_TEAM = 3V9R8JFN46;
				INFOPLIST_FILE = ChatApp/Info.plist;
				LD_RUNPATH_SEARCH_PATHS = (
					"$(inherited)",
					"@executable_path/Frameworks",
				);
				PRODUCT_BUNDLE_IDENTIFIER = laidstall.ChatApp;
				PRODUCT_NAME = "$(TARGET_NAME)";
				SWIFT_VERSION = 5.0;
				TARGETED_DEVICE_FAMILY = "1,2";
			};
			name = Release;
		};
/* End XCBuildConfiguration section */

/* Begin XCConfigurationList section */
		048151C8269D357100EBFF50 /* Build configuration list for PBXProject "ChatApp" */ = {
			isa = XCConfigurationList;
			buildConfigurations = (
				048151DF269D357400EBFF50 /* Debug */,
				048151E0269D357400EBFF50 /* Release */,
			);
			defaultConfigurationIsVisible = 0;
			defaultConfigurationName = Release;
		};
		048151E1269D357400EBFF50 /* Build configuration list for PBXNativeTarget "ChatApp" */ = {
			isa = XCConfigurationList;
			buildConfigurations = (
				048151E2269D357400EBFF50 /* Debug */,
				048151E3269D357400EBFF50 /* Release */,
			);
			defaultConfigurationIsVisible = 0;
			defaultConfigurationName = Release;
		};
/* End XCConfigurationList section */
	};
	rootObject = 048151C5269D357100EBFF50 /* Project object */;
}
